
Microsoft Visual Studio Solution File, Format Version 12.00
# Visual Studio Version 17
VisualStudioVersion = 17.7.34031.279
MinimumVisualStudioVersion = 10.0.40219.1
Project("{FAE04EC0-301F-11D3-BF4B-00C04F79EFBC}") = "Vista", "Vista\Vista.csproj", "{D0F5AC0C-4F6B-49C8-9C18-C54399577E69}"
EndProject
Project("{FAE04EC0-301F-11D3-BF4B-00C04F79EFBC}") = "Modelo", "Modelo\Modelo.csproj", "{DCCD66F0-206F-457C-8B34-F21B43880603}"
EndProject
Project("{FAE04EC0-301F-11D3-BF4B-00C04F79EFBC}") = "Controladora", "Controladora\Controladora.csproj", "{08755538-5C07-4297-B755-BA42E5897E31}"
EndProject
Global
	GlobalSection(SolutionConfigurationPlatforms) = preSolution
		Debug|Any CPU = Debug|Any CPU
		Release|Any CPU = Release|Any CPU
	EndGlobalSection
	GlobalSection(ProjectConfigurationPlatforms) = postSolution
		{D0F5AC0C-4F6B-49C8-9C18-C54399577E69}.Debug|Any CPU.ActiveCfg = Debug|Any CPU
		{D0F5AC0C-4F6B-49C8-9C18-C54399577E69}.Debug|Any CPU.Build.0 = Debug|Any CPU
		{D0F5AC0C-4F6B-49C8-9C18-C54399577E69}.Release|Any CPU.ActiveCfg = Release|Any CPU
		{D0F5AC0C-4F6B-49C8-9C18-C54399577E69}.Release|Any CPU.Build.0 = Release|Any CPU
		{DCCD66F0-206F-457C-8B34-F21B43880603}.Debug|Any CPU.ActiveCfg = Debug|Any CPU
		{DCCD66F0-206F-457C-8B34-F21B43880603}.Debug|Any CPU.Build.0 = Debug|Any CPU
		{DCCD66F0-206F-457C-8B34-F21B43880603}.Release|Any CPU.ActiveCfg = Release|Any CPU
		{DCCD66F0-206F-457C-8B34-F21B43880603}.Release|Any CPU.Build.0 = Release|Any CPU
		{08755538-5C07-4297-B755-BA42E5897E31}.Debug|Any CPU.ActiveCfg = Debug|Any CPU
		{08755538-5C07-4297-B755-BA42E5897E31}.Debug|Any CPU.Build.0 = Debug|Any CPU
		{08755538-5C07-4297-B755-BA42E5897E31}.Release|Any CPU.ActiveCfg = Release|Any CPU
		{08755538-5C07-4297-B755-BA42E5897E31}.Release|Any CPU.Build.0 = Release|Any CPU
	EndGlobalSection
	GlobalSection(SolutionProperties) = preSolution
		HideSolutionNode = FALSE
	EndGlobalSection
	GlobalSection(ExtensibilityGlobals) = postSolution
		SolutionGuid = {7DDAE7F7-3D7B-4D94-B3A2-4F8403E056D5}
	EndGlobalSection
EndGlobal
